Microsoft Visual Studio Solution File, Format Version 12.00
# Visual Studio 2012
Project("{FAE04EC0-301F-11D3-BF4B-00C04F79EFBC}") = "Air Defence Commander", "Air Defence Commander.csproj", "{2135561F-E5B9-4360-BB52-F5FFFF9496FB}"
EndProject
Global
	GlobalSection(SolutionConfigurationPlatforms) = preSolution
	Debug|Any CPU = Debug|Any CPU
	ExportDebug|Any CPU = ExportDebug|Any CPU
	ExportRelease|Any CPU = ExportRelease|Any CPU
	EndGlobalSection
	GlobalSection(ProjectConfigurationPlatforms) = postSolution
		{2135561F-E5B9-4360-BB52-F5FFFF9496FB}.Debug|Any CPU.ActiveCfg = Debug|Any CPU
		{2135561F-E5B9-4360-BB52-F5FFFF9496FB}.Debug|Any CPU.Build.0 = Debug|Any CPU
		{2135561F-E5B9-4360-BB52-F5FFFF9496FB}.ExportDebug|Any CPU.ActiveCfg = ExportDebug|Any CPU
		{2135561F-E5B9-4360-BB52-F5FFFF9496FB}.ExportDebug|Any CPU.Build.0 = ExportDebug|Any CPU
		{2135561F-E5B9-4360-BB52-F5FFFF9496FB}.ExportRelease|Any CPU.ActiveCfg = ExportRelease|Any CPU
		{2135561F-E5B9-4360-BB52-F5FFFF9496FB}.ExportRelease|Any CPU.Build.0 = ExportRelease|Any CPU
	EndGlobalSection
EndGlobal
